// !$*UTF8*$!
{
	archiveVersion = 1;
	classes = {
	};
	objectVersion = 50;
	objects = {

/* Begin PBXBuildFile section */
		0CDE99B7242474CD0089A9BA /* UsersTableViewCell.swift in Sources */ = {isa = PBXBuildFile; fileRef = 0CDE99B5242474CD0089A9BA /* UsersTableViewCell.swift */; };
		0CDE99B8242474CD0089A9BA /* UsersTableViewCell.xib in Resources */ = {isa = PBXBuildFile; fileRef = 0CDE99B6242474CD0089A9BA /* UsersTableViewCell.xib */; };
		0CDE99BC2424C4EC0089A9BA /* UserGitHubCell.swift in Sources */ = {isa = PBXBuildFile; fileRef = 0CDE99BA2424C4EC0089A9BA /* UserGitHubCell.swift */; };
		0CDE99BD2424C4EC0089A9BA /* UserGitHubCell.xib in Resources */ = {isa = PBXBuildFile; fileRef = 0CDE99BB2424C4EC0089A9BA /* UserGitHubCell.xib */; };
		0CDE99C1242856A30089A9BA /* SingInProtocols.swift in Sources */ = {isa = PBXBuildFile; fileRef = 0CDE99C0242856A30089A9BA /* SingInProtocols.swift */; };
		0CDE99C424285B460089A9BA /* SignInViewController.swift in Sources */ = {isa = PBXBuildFile; fileRef = 0CDE99C324285B460089A9BA /* SignInViewController.swift */; };
		0CDE99C72428A2B10089A9BA /* SignInInteractor.swift in Sources */ = {isa = PBXBuildFile; fileRef = 0CDE99C62428A2B10089A9BA /* SignInInteractor.swift */; };
		0CDE99CA2428A5B90089A9BA /* SignInPresenter.swift in Sources */ = {isa = PBXBuildFile; fileRef = 0CDE99C92428A5B90089A9BA /* SignInPresenter.swift */; };
		0CDE99CD2428A7570089A9BA /* SignInRouter.swift in Sources */ = {isa = PBXBuildFile; fileRef = 0CDE99CC2428A7570089A9BA /* SignInRouter.swift */; };
		0CDE99CF2428AB300089A9BA /* SignInPresenterTest.swift in Sources */ = {isa = PBXBuildFile; fileRef = 0CDE99CE2428AB300089A9BA /* SignInPresenterTest.swift */; };
		0CDE99D32428AFFB0089A9BA /* SignInInteractorTests.swift in Sources */ = {isa = PBXBuildFile; fileRef = 0CDE99D22428AFFB0089A9BA /* SignInInteractorTests.swift */; };
		0CDE99D52428C6980089A9BA /* GetUserSuccess.json in Resources */ = {isa = PBXBuildFile; fileRef = 0CDE99D42428C6980089A9BA /* GetUserSuccess.json */; };
		0CFE20A7241A19940004F5C3 /* AppDelegate.swift in Sources */ = {isa = PBXBuildFile; fileRef = 0CFE20A6241A19940004F5C3 /* AppDelegate.swift */; };
		0CFE20A9241A19940004F5C3 /* ViewController.swift in Sources */ = {isa = PBXBuildFile; fileRef = 0CFE20A8241A19940004F5C3 /* ViewController.swift */; };
		0CFE20AC241A19940004F5C3 /* Main.storyboard in Resources */ = {isa = PBXBuildFile; fileRef = 0CFE20AA241A19940004F5C3 /* Main.storyboard */; };
		0CFE20AE241A199A0004F5C3 /* Assets.xcassets in Resources */ = {isa = PBXBuildFile; fileRef = 0CFE20AD241A199A0004F5C3 /* Assets.xcassets */; };
		0CFE20B1241A199A0004F5C3 /* LaunchScreen.storyboard in Resources */ = {isa = PBXBuildFile; fileRef = 0CFE20AF241A199A0004F5C3 /* LaunchScreen.storyboard */; };
		0CFE20BC241A199A0004F5C3 /* Table_ResearchTests.swift in Sources */ = {isa = PBXBuildFile; fileRef = 0CFE20BB241A199A0004F5C3 /* Table_ResearchTests.swift */; };
		0CFE20C7241A199A0004F5C3 /* Table_ResearchUITests.swift in Sources */ = {isa = PBXBuildFile; fileRef = 0CFE20C6241A199A0004F5C3 /* Table_ResearchUITests.swift */; };
		0CFE20D5241A1DBC0004F5C3 /* TableViewCell.swift in Sources */ = {isa = PBXBuildFile; fileRef = 0CFE20D4241A1DBC0004F5C3 /* TableViewCell.swift */; };
		0CFE20D8241A24A10004F5C3 /* User.swift in Sources */ = {isa = PBXBuildFile; fileRef = 0CFE20D7241A24A10004F5C3 /* User.swift */; };
		0CFE20DB241A25EB0004F5C3 /* UserService.swift in Sources */ = {isa = PBXBuildFile; fileRef = 0CFE20DA241A25EB0004F5C3 /* UserService.swift */; };
		0CFE20DE241A2C2A0004F5C3 /* UserListProtocols.swift in Sources */ = {isa = PBXBuildFile; fileRef = 0CFE20DD241A2C2A0004F5C3 /* UserListProtocols.swift */; };
		0CFE20E2241A31110004F5C3 /* UserRouter.swift in Sources */ = {isa = PBXBuildFile; fileRef = 0CFE20E1241A31110004F5C3 /* UserRouter.swift */; };
		0CFE20E5241A31BA0004F5C3 /* UserListPresenter.swift in Sources */ = {isa = PBXBuildFile; fileRef = 0CFE20E4241A31BA0004F5C3 /* UserListPresenter.swift */; };
		0CFE20E9241A33B10004F5C3 /* UserViewController.swift in Sources */ = {isa = PBXBuildFile; fileRef = 0CFE20E8241A33B10004F5C3 /* UserViewController.swift */; };
		0CFE20EC241A350F0004F5C3 /* UserListInteractor.swift in Sources */ = {isa = PBXBuildFile; fileRef = 0CFE20EB241A350F0004F5C3 /* UserListInteractor.swift */; };
		7974F7965D19582964403218 /* libPods-Table-ResearchTests.a in Frameworks */ = {isa = PBXBuildFile; fileRef = E5676502F0F6DAC312217266 /* libPods-Table-ResearchTests.a */; };
		90FA9B4DD0EE2816F78A3DFE /* libPods-Table-Research.a in Frameworks */ = {isa = PBXBuildFile; fileRef = 1893F493619C8E2BB2053213 /* libPods-Table-Research.a */; };
		BD6E91D3F4DCC9D496945DAA /* libPods-Table-Research-Table-ResearchUITests.a in Frameworks */ = {isa = PBXBuildFile; fileRef = 3C052001275CA10B7DC018C7 /* libPods-Table-Research-Table-ResearchUITests.a */; };
/* End PBXBuildFile section */

/* Begin PBXContainerItemProxy section */
		0CFE20B8241A199A0004F5C3 /* PBXContainerItemProxy */ = {
			isa = PBXContainerItemProxy;
			containerPortal = 0CFE209B241A19930004F5C3 /* Project object */;
			proxyType = 1;
			remoteGlobalIDString = 0CFE20A2241A19930004F5C3;
			remoteInfo = "Table-Research";
		};
		0CFE20C3241A199A0004F5C3 /* PBXContainerItemProxy */ = {
			isa = PBXContainerItemProxy;
			containerPortal = 0CFE209B241A19930004F5C3 /* Project object */;
			proxyType = 1;
			remoteGlobalIDString = 0CFE20A2241A19930004F5C3;
			remoteInfo = "Table-Research";
		};
/* End PBXContainerItemProxy section */

/* Begin PBXFileReference section */
		0CDE99B5242474CD0089A9BA /* UsersTableViewCell.swift */ = {isa = PBXFileReference; lastKnownFileType = sourcecode.swift; path = UsersTableViewCell.swift; sourceTree = "<group>"; };
		0CDE99B6242474CD0089A9BA /* UsersTableViewCell.xib */ = {isa = PBXFileReference; lastKnownFileType = file.xib; path = UsersTableViewCell.xib; sourceTree = "<group>"; };
		0CDE99BA2424C4EC0089A9BA /* UserGitHubCell.swift */ = {isa = PBXFileReference; lastKnownFileType = sourcecode.swift; path = UserGitHubCell.swift; sourceTree = "<group>"; };
		0CDE99BB2424C4EC0089A9BA /* UserGitHubCell.xib */ = {isa = PBXFileReference; lastKnownFileType = file.xib; path = UserGitHubCell.xib; sourceTree = "<group>"; };
		0CDE99C0242856A30089A9BA /* SingInProtocols.swift */ = {isa = PBXFileReference; lastKnownFileType = sourcecode.swift; path = SingInProtocols.swift; sourceTree = "<group>"; };
		0CDE99C324285B460089A9BA /* SignInViewController.swift */ = {isa = PBXFileReference; lastKnownFileType = sourcecode.swift; path = SignInViewController.swift; sourceTree = "<group>"; };
		0CDE99C62428A2B10089A9BA /* SignInInteractor.swift */ = {isa = PBXFileReference; lastKnownFileType = sourcecode.swift; path = SignInInteractor.swift; sourceTree = "<group>"; };
		0CDE99C92428A5B90089A9BA /* SignInPresenter.swift */ = {isa = PBXFileReference; lastKnownFileType = sourcecode.swift; path = SignInPresenter.swift; sourceTree = "<group>"; };
		0CDE99CC2428A7570089A9BA /* SignInRouter.swift */ = {isa = PBXFileReference; lastKnownFileType = sourcecode.swift; path = SignInRouter.swift; sourceTree = "<group>"; };
		0CDE99CE2428AB300089A9BA /* SignInPresenterTest.swift */ = {isa = PBXFileReference; lastKnownFileType = sourcecode.swift; path = SignInPresenterTest.swift; sourceTree = "<group>"; };
		0CDE99D22428AFFB0089A9BA /* SignInInteractorTests.swift */ = {isa = PBXFileReference; lastKnownFileType = sourcecode.swift; path = SignInInteractorTests.swift; sourceTree = "<group>"; };
		0CDE99D42428C6980089A9BA /* GetUserSuccess.json */ = {isa = PBXFileReference; fileEncoding = 4; lastKnownFileType = text.json; path = GetUserSuccess.json; sourceTree = SOURCE_ROOT; };
		0CFE20A3241A19930004F5C3 /* Table-Research.app */ = {isa = PBXFileReference; explicitFileType = wrapper.application; includeInIndex = 0; path = "Table-Research.app"; sourceTree = BUILT_PRODUCTS_DIR; };
		0CFE20A6241A19940004F5C3 /* AppDelegate.swift */ = {isa = PBXFileReference; lastKnownFileType = sourcecode.swift; path = AppDelegate.swift; sourceTree = "<group>"; };
		0CFE20A8241A19940004F5C3 /* ViewController.swift */ = {isa = PBXFileReference; lastKnownFileType = sourcecode.swift; path = ViewController.swift; sourceTree = "<group>"; };
		0CFE20AB241A19940004F5C3 /* Base */ = {isa = PBXFileReference; lastKnownFileType = file.storyboard; name = Base; path = Base.lproj/Main.storyboard; sourceTree = "<group>"; };
		0CFE20AD241A199A0004F5C3 /* Assets.xcassets */ = {isa = PBXFileReference; lastKnownFileType = folder.assetcatalog; path = Assets.xcassets; sourceTree = "<group>"; };
		0CFE20B0241A199A0004F5C3 /* Base */ = {isa = PBXFileReference; lastKnownFileType = file.storyboard; name = Base; path = Base.lproj/LaunchScreen.storyboard; sourceTree = "<group>"; };
		0CFE20B2241A199A0004F5C3 /* Info.plist */ = {isa = PBXFileReference; lastKnownFileType = text.plist.xml; path = Info.plist; sourceTree = "<group>"; };
		0CFE20B7241A199A0004F5C3 /* Table-ResearchTests.xctest */ = {isa = PBXFileReference; explicitFileType = wrapper.cfbundle; includeInIndex = 0; path = "Table-ResearchTests.xctest"; sourceTree = BUILT_PRODUCTS_DIR; };
		0CFE20BB241A199A0004F5C3 /* Table_ResearchTests.swift */ = {isa = PBXFileReference; lastKnownFileType = sourcecode.swift; path = Table_ResearchTests.swift; sourceTree = "<group>"; };
		0CFE20BD241A199A0004F5C3 /* Info.plist */ = {isa = PBXFileReference; lastKnownFileType = text.plist.xml; path = Info.plist; sourceTree = "<group>"; };
		0CFE20C2241A199A0004F5C3 /* Table-ResearchUITests.xctest */ = {isa = PBXFileReference; explicitFileType = wrapper.cfbundle; includeInIndex = 0; path = "Table-ResearchUITests.xctest"; sourceTree = BUILT_PRODUCTS_DIR; };
		0CFE20C6241A199A0004F5C3 /* Table_ResearchUITests.swift */ = {isa = PBXFileReference; lastKnownFileType = sourcecode.swift; path = Table_ResearchUITests.swift; sourceTree = "<group>"; };
		0CFE20C8241A199A0004F5C3 /* Info.plist */ = {isa = PBXFileReference; lastKnownFileType = text.plist.xml; path = Info.plist; sourceTree = "<group>"; };
		0CFE20D4241A1DBC0004F5C3 /* TableViewCell.swift */ = {isa = PBXFileReference; lastKnownFileType = sourcecode.swift; path = TableViewCell.swift; sourceTree = "<group>"; };
		0CFE20D7241A24A10004F5C3 /* User.swift */ = {isa = PBXFileReference; lastKnownFileType = sourcecode.swift; path = User.swift; sourceTree = "<group>"; };
		0CFE20DA241A25EB0004F5C3 /* UserService.swift */ = {isa = PBXFileReference; lastKnownFileType = sourcecode.swift; path = UserService.swift; sourceTree = "<group>"; };
		0CFE20DD241A2C2A0004F5C3 /* UserListProtocols.swift */ = {isa = PBXFileReference; lastKnownFileType = sourcecode.swift; path = UserListProtocols.swift; sourceTree = "<group>"; };
		0CFE20E1241A31110004F5C3 /* UserRouter.swift */ = {isa = PBXFileReference; lastKnownFileType = sourcecode.swift; path = UserRouter.swift; sourceTree = "<group>"; };
		0CFE20E4241A31BA0004F5C3 /* UserListPresenter.swift */ = {isa = PBXFileReference; lastKnownFileType = sourcecode.swift; path = UserListPresenter.swift; sourceTree = "<group>"; };
		0CFE20E8241A33B10004F5C3 /* UserViewController.swift */ = {isa = PBXFileReference; lastKnownFileType = sourcecode.swift; path = UserViewController.swift; sourceTree = "<group>"; };
		0CFE20EB241A350F0004F5C3 /* UserListInteractor.swift */ = {isa = PBXFileReference; lastKnownFileType = sourcecode.swift; path = UserListInteractor.swift; sourceTree = "<group>"; };
		16A29F70BF2ADA7CBA4F0B40 /* Pods-Table-Research.release.xcconfig */ = {isa = PBXFileReference; includeInIndex = 1; lastKnownFileType = text.xcconfig; name = "Pods-Table-Research.release.xcconfig"; path = "Target Support Files/Pods-Table-Research/Pods-Table-Research.release.xcconfig"; sourceTree = "<group>"; };
		1893F493619C8E2BB2053213 /* libPods-Table-Research.a */ = {isa = PBXFileReference; explicitFileType = archive.ar; includeInIndex = 0; path = "libPods-Table-Research.a"; sourceTree = BUILT_PRODUCTS_DIR; };
		18E26B234E9F1A2E7E91F636 /* Pods-Table-Research.debug.xcconfig */ = {isa = PBXFileReference; includeInIndex = 1; lastKnownFileType = text.xcconfig; name = "Pods-Table-Research.debug.xcconfig"; path = "Target Support Files/Pods-Table-Research/Pods-Table-Research.debug.xcconfig"; sourceTree = "<group>"; };
		3814A1B90754958725D5F102 /* Pods-Table-Research-Table-ResearchUITests.debug.xcconfig */ = {isa = PBXFileReference; includeInIndex = 1; lastKnownFileType = text.xcconfig; name = "Pods-Table-Research-Table-ResearchUITests.debug.xcconfig"; path = "Target Support Files/Pods-Table-Research-Table-ResearchUITests/Pods-Table-Research-Table-ResearchUITests.debug.xcconfig"; sourceTree = "<group>"; };
		3C052001275CA10B7DC018C7 /* libPods-Table-Research-Table-ResearchUITests.a */ = {isa = PBXFileReference; explicitFileType = archive.ar; includeInIndex = 0; path = "libPods-Table-Research-Table-ResearchUITests.a"; sourceTree = BUILT_PRODUCTS_DIR; };
		3CC8D01B22177E3AC1A764F2 /* Pods-Table-ResearchTests.debug.xcconfig */ = {isa = PBXFileReference; includeInIndex = 1; lastKnownFileType = text.xcconfig; name = "Pods-Table-ResearchTests.debug.xcconfig"; path = "Target Support Files/Pods-Table-ResearchTests/Pods-Table-ResearchTests.debug.xcconfig"; sourceTree = "<group>"; };
		D497AB6233B2B744BA6FFAD0 /* Pods-Table-ResearchTests.release.xcconfig */ = {isa = PBXFileReference; includeInIndex = 1; lastKnownFileType = text.xcconfig; name = "Pods-Table-ResearchTests.release.xcconfig"; path = "Target Support Files/Pods-Table-ResearchTests/Pods-Table-ResearchTests.release.xcconfig"; sourceTree = "<group>"; };
		E5676502F0F6DAC312217266 /* libPods-Table-ResearchTests.a */ = {isa = PBXFileReference; explicitFileType = archive.ar; includeInIndex = 0; path = "libPods-Table-ResearchTests.a"; sourceTree = BUILT_PRODUCTS_DIR; };
		F79180A5BD1BF307AD5034BE /* Pods-Table-Research-Table-ResearchUITests.release.xcconfig */ = {isa = PBXFileReference; includeInIndex = 1; lastKnownFileType = text.xcconfig; name = "Pods-Table-Research-Table-ResearchUITests.release.xcconfig"; path = "Target Support Files/Pods-Table-Research-Table-ResearchUITests/Pods-Table-Research-Table-ResearchUITests.release.xcconfig"; sourceTree = "<group>"; };
/* End PBXFileReference section */

/* Begin PBXFrameworksBuildPhase section */
		0CFE20A0241A19930004F5C3 /* Frameworks */ = {
			isa = PBXFrameworksBuildPhase;
			buildActionMask = 2147483647;
			files = (
				90FA9B4DD0EE2816F78A3DFE /* libPods-Table-Research.a in Frameworks */,
			);
			runOnlyForDeploymentPostprocessing = 0;
		};
		0CFE20B4241A199A0004F5C3 /* Frameworks */ = {
			isa = PBXFrameworksBuildPhase;
			buildActionMask = 2147483647;
			files = (
				7974F7965D19582964403218 /* libPods-Table-ResearchTests.a in Frameworks */,
			);
			runOnlyForDeploymentPostprocessing = 0;
		};
		0CFE20BF241A199A0004F5C3 /* Frameworks */ = {
			isa = PBXFrameworksBuildPhase;
			buildActionMask = 2147483647;
			files = (
				BD6E91D3F4DCC9D496945DAA /* libPods-Table-Research-Table-ResearchUITests.a in Frameworks */,
			);
			runOnlyForDeploymentPostprocessing = 0;
		};
/* End PBXFrameworksBuildPhase section */

/* Begin PBXGroup section */
		0CDE99B9242476AA0089A9BA /* xib */ = {
			isa = PBXGroup;
			children = (
				0CDE99B6242474CD0089A9BA /* UsersTableViewCell.xib */,
			);
			path = xib;
			sourceTree = "<group>";
		};
		0CDE99BE242856220089A9BA /* Sign In */ = {
			isa = PBXGroup;
			children = (
				0CDE99CB2428A71B0089A9BA /* router */,
				0CDE99C82428A59D0089A9BA /* presenter */,
				0CDE99C52428A2750089A9BA /* interactor */,
				0CDE99C224285B170089A9BA /* views */,
				0CDE99BF242856660089A9BA /* protools */,
			);
			path = "Sign In";
			sourceTree = "<group>";
		};
		0CDE99BF242856660089A9BA /* protools */ = {
			isa = PBXGroup;
			children = (
				0CDE99C0242856A30089A9BA /* SingInProtocols.swift */,
			);
			path = protools;
			sourceTree = "<group>";
		};
		0CDE99C224285B170089A9BA /* views */ = {
			isa = PBXGroup;
			children = (
				0CDE99C324285B460089A9BA /* SignInViewController.swift */,
			);
			path = views;
			sourceTree = "<group>";
		};
		0CDE99C52428A2750089A9BA /* interactor */ = {
			isa = PBXGroup;
			children = (
				0CDE99C62428A2B10089A9BA /* SignInInteractor.swift */,
			);
			path = interactor;
			sourceTree = "<group>";
		};
		0CDE99C82428A59D0089A9BA /* presenter */ = {
			isa = PBXGroup;
			children = (
				0CDE99C92428A5B90089A9BA /* SignInPresenter.swift */,
			);
			path = presenter;
			sourceTree = "<group>";
		};
		0CDE99CB2428A71B0089A9BA /* router */ = {
			isa = PBXGroup;
			children = (
				0CDE99CC2428A7570089A9BA /* SignInRouter.swift */,
			);
			path = router;
			sourceTree = "<group>";
		};
		0CDE99D12428AFD70089A9BA /* Test */ = {
			isa = PBXGroup;
			children = (
				0CDE99D42428C6980089A9BA /* GetUserSuccess.json */,
			);
			path = Test;
			sourceTree = "<group>";
		};
		0CFE209A241A19930004F5C3 = {
			isa = PBXGroup;
			children = (
				0CFE20A5241A19940004F5C3 /* Table-Research */,
				0CFE20BA241A199A0004F5C3 /* Table-ResearchTests */,
				0CFE20C5241A199A0004F5C3 /* Table-ResearchUITests */,
				0CFE20A4241A19930004F5C3 /* Products */,
				ADF21A66B6A57D842B33504D /* Pods */,
				53465C254874C69F3A1CC10F /* Frameworks */,
			);
			sourceTree = "<group>";
		};
		0CFE20A4241A19930004F5C3 /* Products */ = {
			isa = PBXGroup;
			children = (
				0CFE20A3241A19930004F5C3 /* Table-Research.app */,
				0CFE20B7241A199A0004F5C3 /* Table-ResearchTests.xctest */,
				0CFE20C2241A199A0004F5C3 /* Table-ResearchUITests.xctest */,
			);
			name = Products;
			sourceTree = "<group>";
		};
		0CFE20A5241A19940004F5C3 /* Table-Research */ = {
			isa = PBXGroup;
			children = (
				0CDE99BE242856220089A9BA /* Sign In */,
				0CFE20EA241A34E50004F5C3 /* interactor */,
				0CFE20E3241A318F0004F5C3 /* presenter */,
				0CFE20E0241A30F50004F5C3 /* routers */,
				0CFE20DF241A2ECF0004F5C3 /* views */,
				0CFE20DC241A2BFD0004F5C3 /* protocols */,
				0CFE20D6241A24730004F5C3 /* entity */,
				0CFE20D9241A24FA0004F5C3 /* service */,
				0CFE20A6241A19940004F5C3 /* AppDelegate.swift */,
				0CFE20A8241A19940004F5C3 /* ViewController.swift */,
				0CFE20AA241A19940004F5C3 /* Main.storyboard */,
				0CFE20AD241A199A0004F5C3 /* Assets.xcassets */,
				0CFE20AF241A199A0004F5C3 /* LaunchScreen.storyboard */,
				0CFE20B2241A199A0004F5C3 /* Info.plist */,
				0CFE20D4241A1DBC0004F5C3 /* TableViewCell.swift */,
			);
			path = "Table-Research";
			sourceTree = "<group>";
		};
		0CFE20BA241A199A0004F5C3 /* Table-ResearchTests */ = {
			isa = PBXGroup;
			children = (
				0CDE99D12428AFD70089A9BA /* Test */,
				0CFE20BB241A199A0004F5C3 /* Table_ResearchTests.swift */,
				0CFE20BD241A199A0004F5C3 /* Info.plist */,
				0CDE99CE2428AB300089A9BA /* SignInPresenterTest.swift */,
				0CDE99D22428AFFB0089A9BA /* SignInInteractorTests.swift */,
			);
			path = "Table-ResearchTests";
			sourceTree = "<group>";
		};
		0CFE20C5241A199A0004F5C3 /* Table-ResearchUITests */ = {
			isa = PBXGroup;
			children = (
				0CFE20C6241A199A0004F5C3 /* Table_ResearchUITests.swift */,
				0CFE20C8241A199A0004F5C3 /* Info.plist */,
			);
			path = "Table-ResearchUITests";
			sourceTree = "<group>";
		};
		0CFE20D6241A24730004F5C3 /* entity */ = {
			isa = PBXGroup;
			children = (
				0CFE20D7241A24A10004F5C3 /* User.swift */,
			);
			path = entity;
			sourceTree = "<group>";
		};
		0CFE20D9241A24FA0004F5C3 /* service */ = {
			isa = PBXGroup;
			children = (
				0CFE20DA241A25EB0004F5C3 /* UserService.swift */,
			);
			path = service;
			sourceTree = "<group>";
		};
		0CFE20DC241A2BFD0004F5C3 /* protocols */ = {
			isa = PBXGroup;
			children = (
				0CFE20DD241A2C2A0004F5C3 /* UserListProtocols.swift */,
			);
			path = protocols;
			sourceTree = "<group>";
		};
		0CFE20DF241A2ECF0004F5C3 /* views */ = {
			isa = PBXGroup;
			children = (
				0CFE20E8241A33B10004F5C3 /* UserViewController.swift */,
				0CDE99B5242474CD0089A9BA /* UsersTableViewCell.swift */,
				0CDE99B9242476AA0089A9BA /* xib */,
				0CDE99BA2424C4EC0089A9BA /* UserGitHubCell.swift */,
				0CDE99BB2424C4EC0089A9BA /* UserGitHubCell.xib */,
			);
			path = views;
			sourceTree = "<group>";
		};
		0CFE20E0241A30F50004F5C3 /* routers */ = {
			isa = PBXGroup;
			children = (
				0CFE20E1241A31110004F5C3 /* UserRouter.swift */,
			);
			path = routers;
			sourceTree = "<group>";
		};
		0CFE20E3241A318F0004F5C3 /* presenter */ = {
			isa = PBXGroup;
			children = (
				0CFE20E4241A31BA0004F5C3 /* UserListPresenter.swift */,
			);
			path = presenter;
			sourceTree = "<group>";
		};
		0CFE20EA241A34E50004F5C3 /* interactor */ = {
			isa = PBXGroup;
			children = (
				0CFE20EB241A350F0004F5C3 /* UserListInteractor.swift */,
			);
			path = interactor;
			sourceTree = "<group>";
		};
		53465C254874C69F3A1CC10F /* Frameworks */ = {
			isa = PBXGroup;
			children = (
				1893F493619C8E2BB2053213 /* libPods-Table-Research.a */,
				3C052001275CA10B7DC018C7 /* libPods-Table-Research-Table-ResearchUITests.a */,
				E5676502F0F6DAC312217266 /* libPods-Table-ResearchTests.a */,
			);
			name = Frameworks;
			sourceTree = "<group>";
		};
		ADF21A66B6A57D842B33504D /* Pods */ = {
			isa = PBXGroup;
			children = (
				18E26B234E9F1A2E7E91F636 /* Pods-Table-Research.debug.xcconfig */,
				16A29F70BF2ADA7CBA4F0B40 /* Pods-Table-Research.release.xcconfig */,
				3814A1B90754958725D5F102 /* Pods-Table-Research-Table-ResearchUITests.debug.xcconfig */,
				F79180A5BD1BF307AD5034BE /* Pods-Table-Research-Table-ResearchUITests.release.xcconfig */,
				3CC8D01B22177E3AC1A764F2 /* Pods-Table-ResearchTests.debug.xcconfig */,
				D497AB6233B2B744BA6FFAD0 /* Pods-Table-ResearchTests.release.xcconfig */,
			);
			path = Pods;
			sourceTree = "<group>";
		};
/* End PBXGroup section */

/* Begin PBXNativeTarget section */
		0CFE20A2241A19930004F5C3 /* Table-Research */ = {
			isa = PBXNativeTarget;
			buildConfigurationList = 0CFE20CB241A199A0004F5C3 /* Build configuration list for PBXNativeTarget "Table-Research" */;
			buildPhases = (
				C565B1C6EE9727C40DA7979B /* [CP] Check Pods Manifest.lock */,
				0CFE209F241A19930004F5C3 /* Sources */,
				0CFE20A0241A19930004F5C3 /* Frameworks */,
				0CFE20A1241A19930004F5C3 /* Resources */,
			);
			buildRules = (
			);
			dependencies = (
			);
			name = "Table-Research";
			productName = "Table-Research";
			productReference = 0CFE20A3241A19930004F5C3 /* Table-Research.app */;
			productType = "com.apple.product-type.application";
		};
		0CFE20B6241A199A0004F5C3 /* Table-ResearchTests */ = {
			isa = PBXNativeTarget;
			buildConfigurationList = 0CFE20CE241A199A0004F5C3 /* Build configuration list for PBXNativeTarget "Table-ResearchTests" */;
			buildPhases = (
				7DCCF31DA9D62DC6D7FC89F6 /* [CP] Check Pods Manifest.lock */,
				0CFE20B3241A199A0004F5C3 /* Sources */,
				0CFE20B4241A199A0004F5C3 /* Frameworks */,
				0CFE20B5241A199A0004F5C3 /* Resources */,
			);
			buildRules = (
			);
			dependencies = (
				0CFE20B9241A199A0004F5C3 /* PBXTargetDependency */,
			);
			name = "Table-ResearchTests";
			productName = "Table-ResearchTests";
			productReference = 0CFE20B7241A199A0004F5C3 /* Table-ResearchTests.xctest */;
			productType = "com.apple.product-type.bundle.unit-test";
		};
		0CFE20C1241A199A0004F5C3 /* Table-ResearchUITests */ = {
			isa = PBXNativeTarget;
			buildConfigurationList = 0CFE20D1241A199A0004F5C3 /* Build configuration list for PBXNativeTarget "Table-ResearchUITests" */;
			buildPhases = (
				077230566F5A21BE4F15FBD3 /* [CP] Check Pods Manifest.lock */,
				0CFE20BE241A199A0004F5C3 /* Sources */,
				0CFE20BF241A199A0004F5C3 /* Frameworks */,
				0CFE20C0241A199A0004F5C3 /* Resources */,
			);
			buildRules = (
			);
			dependencies = (
				0CFE20C4241A199A0004F5C3 /* PBXTargetDependency */,
			);
			name = "Table-ResearchUITests";
			productName = "Table-ResearchUITests";
			productReference = 0CFE20C2241A199A0004F5C3 /* Table-ResearchUITests.xctest */;
			productType = "com.apple.product-type.bundle.ui-testing";
		};
/* End PBXNativeTarget section */

/* Begin PBXProject section */
		0CFE209B241A19930004F5C3 /* Project object */ = {
			isa = PBXProject;
			attributes = {
				LastSwiftUpdateCheck = 1010;
				LastUpgradeCheck = 1010;
				ORGANIZATIONNAME = Ominext;
				TargetAttributes = {
					0CFE20A2241A19930004F5C3 = {
						CreatedOnToolsVersion = 10.1;
					};
					0CFE20B6241A199A0004F5C3 = {
						CreatedOnToolsVersion = 10.1;
						TestTargetID = 0CFE20A2241A19930004F5C3;
					};
					0CFE20C1241A199A0004F5C3 = {
						CreatedOnToolsVersion = 10.1;
						TestTargetID = 0CFE20A2241A19930004F5C3;
					};
				};
			};
			buildConfigurationList = 0CFE209E241A19930004F5C3 /* Build configuration list for PBXProject "Table-Research" */;
			compatibilityVersion = "Xcode 9.3";
			developmentRegion = en;
			hasScannedForEncodings = 0;
			knownRegions = (
				en,
				Base,
			);
			mainGroup = 0CFE209A241A19930004F5C3;
			productRefGroup = 0CFE20A4241A19930004F5C3 /* Products */;
			projectDirPath = "";
			projectRoot = "";
			targets = (
				0CFE20A2241A19930004F5C3 /* Table-Research */,
				0CFE20B6241A199A0004F5C3 /* Table-ResearchTests */,
				0CFE20C1241A199A0004F5C3 /* Table-ResearchUITests */,
			);
		};
/* End PBXProject section */

/* Begin PBXResourcesBuildPhase section */
		0CFE20A1241A19930004F5C3 /* Resources */ = {
			isa = PBXResourcesBuildPhase;
			buildActionMask = 2147483647;
			files = (
				0CDE99B8242474CD0089A9BA /* UsersTableViewCell.xib in Resources */,
				0CFE20B1241A199A0004F5C3 /* LaunchScreen.storyboard in Resources */,
				0CFE20AE241A199A0004F5C3 /* Assets.xcassets in Resources */,
				0CDE99BD2424C4EC0089A9BA /* UserGitHubCell.xib in Resources */,
				0CFE20AC241A19940004F5C3 /* Main.storyboard in Resources */,
			);
			runOnlyForDeploymentPostprocessing = 0;
		};
		0CFE20B5241A199A0004F5C3 /* Resources */ = {
			isa = PBXResourcesBuildPhase;
			buildActionMask = 2147483647;
			files = (
				0CDE99D52428C6980089A9BA /* GetUserSuccess.json in Resources */,
			);
			runOnlyForDeploymentPostprocessing = 0;
		};
		0CFE20C0241A199A0004F5C3 /* Resources */ = {
			isa = PBXResourcesBuildPhase;
			buildActionMask = 2147483647;
			files = (
			);
			runOnlyForDeploymentPostprocessing = 0;
		};
/* End PBXResourcesBuildPhase section */

/* Begin PBXShellScriptBuildPhase section */
		077230566F5A21BE4F15FBD3 /* [CP] Check Pods Manifest.lock */ = {
			isa = PBXShellScriptBuildPhase;
			buildActionMask = 2147483647;
			files = (
			);
			inputFileListPaths = (
			);
			inputPaths = (
				"${PODS_PODFILE_DIR_PATH}/Podfile.lock",
				"${PODS_ROOT}/Manifest.lock",
			);
			name = "[CP] Check Pods Manifest.lock";
			outputFileListPaths = (
			);
			outputPaths = (
				"$(DERIVED_FILE_DIR)/Pods-Table-Research-Table-ResearchUITests-checkManifestLockResult.txt",
			);
			runOnlyForDeploymentPostprocessing = 0;
			shellPath = /bin/sh;
			shellScript = "diff \"${PODS_PODFILE_DIR_PATH}/Podfile.lock\" \"${PODS_ROOT}/Manifest.lock\" > /dev/null\nif [ $? != 0 ] ; then\n    # print error to STDERR\n    echo \"error: The sandbox is not in sync with the Podfile.lock. Run 'pod install' or update your CocoaPods installation.\" >&2\n    exit 1\nfi\n# This output is used by Xcode 'outputs' to avoid re-running this script phase.\necho \"SUCCESS\" > \"${SCRIPT_OUTPUT_FILE_0}\"\n";
			showEnvVarsInLog = 0;
		};
		7DCCF31DA9D62DC6D7FC89F6 /* [CP] Check Pods Manifest.lock */ = {
			isa = PBXShellScriptBuildPhase;
			buildActionMask = 2147483647;
			files = (
			);
			inputFileListPaths = (
			);
			inputPaths = (
				"${PODS_PODFILE_DIR_PATH}/Podfile.lock",
				"${PODS_ROOT}/Manifest.lock",
			);
			name = "[CP] Check Pods Manifest.lock";
			outputFileListPaths = (
			);
			outputPaths = (
				"$(DERIVED_FILE_DIR)/Pods-Table-ResearchTests-checkManifestLockResult.txt",
			);
			runOnlyForDeploymentPostprocessing = 0;
			shellPath = /bin/sh;
			shellScript = "diff \"${PODS_PODFILE_DIR_PATH}/Podfile.lock\" \"${PODS_ROOT}/Manifest.lock\" > /dev/null\nif [ $? != 0 ] ; then\n    # print error to STDERR\n    echo \"error: The sandbox is not in sync with the Podfile.lock. Run 'pod install' or update your CocoaPods installation.\" >&2\n    exit 1\nfi\n# This output is used by Xcode 'outputs' to avoid re-running this script phase.\necho \"SUCCESS\" > \"${SCRIPT_OUTPUT_FILE_0}\"\n";
			showEnvVarsInLog = 0;
		};
		C565B1C6EE9727C40DA7979B /* [CP] Check Pods Manifest.lock */ = {
			isa = PBXShellScriptBuildPhase;
			buildActionMask = 2147483647;
			files = (
			);
			inputFileListPaths = (
			);
			inputPaths = (
				"${PODS_PODFILE_DIR_PATH}/Podfile.lock",
				"${PODS_ROOT}/Manifest.lock",
			);
			name = "[CP] Check Pods Manifest.lock";
			outputFileListPaths = (
			);
			outputPaths = (
				"$(DERIVED_FILE_DIR)/Pods-Table-Research-checkManifestLockResult.txt",
			);
			runOnlyForDeploymentPostprocessing = 0;
			shellPath = /bin/sh;
			shellScript = "diff \"${PODS_PODFILE_DIR_PATH}/Podfile.lock\" \"${PODS_ROOT}/Manifest.lock\" > /dev/null\nif [ $? != 0 ] ; then\n    # print error to STDERR\n    echo \"error: The sandbox is not in sync with the Podfile.lock. Run 'pod install' or update your CocoaPods installation.\" >&2\n    exit 1\nfi\n# This output is used by Xcode 'outputs' to avoid re-running this script phase.\necho \"SUCCESS\" > \"${SCRIPT_OUTPUT_FILE_0}\"\n";
			showEnvVarsInLog = 0;
		};
/* End PBXShellScriptBuildPhase section */

/* Begin PBXSourcesBuildPhase section */
		0CFE209F241A19930004F5C3 /* Sources */ = {
			isa = PBXSourcesBuildPhase;
			buildActionMask = 2147483647;
			files = (
				0CDE99CA2428A5B90089A9BA /* SignInPresenter.swift in Sources */,
				0CDE99C424285B460089A9BA /* SignInViewController.swift in Sources */,
				0CFE20DE241A2C2A0004F5C3 /* UserListProtocols.swift in Sources */,
				0CFE20E9241A33B10004F5C3 /* UserViewController.swift in Sources */,
				0CFE20D8241A24A10004F5C3 /* User.swift in Sources */,
				0CFE20DB241A25EB0004F5C3 /* UserService.swift in Sources */,
				0CDE99CD2428A7570089A9BA /* SignInRouter.swift in Sources */,
				0CFE20D5241A1DBC0004F5C3 /* TableViewCell.swift in Sources */,
				0CDE99BC2424C4EC0089A9BA /* UserGitHubCell.swift in Sources */,
				0CFE20E2241A31110004F5C3 /* UserRouter.swift in Sources */,
				0CFE20E5241A31BA0004F5C3 /* UserListPresenter.swift in Sources */,
				0CFE20EC241A350F0004F5C3 /* UserListInteractor.swift in Sources */,
				0CFE20A9241A19940004F5C3 /* ViewController.swift in Sources */,
				0CDE99C72428A2B10089A9BA /* SignInInteractor.swift in Sources */,
				0CFE20A7241A19940004F5C3 /* AppDelegate.swift in Sources */,
				0CDE99B7242474CD0089A9BA /* UsersTableViewCell.swift in Sources */,
				0CDE99C1242856A30089A9BA /* SingInProtocols.swift in Sources */,
			);
			runOnlyForDeploymentPostprocessing = 0;
		};
		0CFE20B3241A199A0004F5C3 /* Sources */ = {
			isa = PBXSourcesBuildPhase;
			buildActionMask = 2147483647;
			files = (
				0CDE99CF2428AB300089A9BA /* SignInPresenterTest.swift in Sources */,
				0CFE20BC241A199A0004F5C3 /* Table_ResearchTests.swift in Sources */,
				0CDE99D32428AFFB0089A9BA /* SignInInteractorTests.swift in Sources */,
			);
			runOnlyForDeploymentPostprocessing = 0;
		};
		0CFE20BE241A199A0004F5C3 /* Sources */ = {
			isa = PBXSourcesBuildPhase;
			buildActionMask = 2147483647;
			files = (
				0CFE20C7241A199A0004F5C3 /* Table_ResearchUITests.swift in Sources */,
			);
			runOnlyForDeploymentPostprocessing = 0;
		};
/* End PBXSourcesBuildPhase section */

/* Begin PBXTargetDependency section */
		0CFE20B9241A199A0004F5C3 /* PBXTargetDependency */ = {
			isa = PBXTargetDependency;
			target = 0CFE20A2241A19930004F5C3 /* Table-Research */;
			targetProxy = 0CFE20B8241A199A0004F5C3 /* PBXContainerItemProxy */;
		};
		0CFE20C4241A199A0004F5C3 /* PBXTargetDependency */ = {
			isa = PBXTargetDependency;
			target = 0CFE20A2241A19930004F5C3 /* Table-Research */;
			targetProxy = 0CFE20C3241A199A0004F5C3 /* PBXContainerItemProxy */;
		};
/* End PBXTargetDependency section */

/* Begin PBXVariantGroup section */
		0CFE20AA241A19940004F5C3 /* Main.storyboard */ = {
			isa = PBXVariantGroup;
			children = (
				0CFE20AB241A19940004F5C3 /* Base */,
			);
			name = Main.storyboard;
			sourceTree = "<group>";
		};
		0CFE20AF241A199A0004F5C3 /* LaunchScreen.storyboard */ = {
			isa = PBXVariantGroup;
			children = (
				0CFE20B0241A199A0004F5C3 /* Base */,
			);
			name = LaunchScreen.storyboard;
			sourceTree = "<group>";
		};
/* End PBXVariantGroup section */

/* Begin XCBuildConfiguration section */
		0CFE20C9241A199A0004F5C3 /* Debug */ = {
			isa = XCBuildConfiguration;
			buildSettings = {
				ALWAYS_SEARCH_USER_PATHS = NO;
				CLANG_ANALYZER_NONNULL = YES;
				CLANG_ANALYZER_NUMBER_OBJECT_CONVERSION = YES_AGGRESSIVE;
				CLANG_CXX_LANGUAGE_STANDARD = "gnu++14";
				CLANG_CXX_LIBRARY = "libc++";
				CLANG_ENABLE_MODULES = YES;
				CLANG_ENABLE_OBJC_ARC = YES;
				CLANG_ENABLE_OBJC_WEAK = YES;
				CLANG_WARN_BLOCK_CAPTURE_AUTORELEASING = YES;
				CLANG_WARN_BOOL_CONVERSION = YES;
				CLANG_WARN_COMMA = YES;
				CLANG_WARN_CONSTANT_CONVERSION = YES;
				CLANG_WARN_DEPRECATED_OBJC_IMPLEMENTATIONS = YES;
				CLANG_WARN_DIRECT_OBJC_ISA_USAGE = YES_ERROR;
				CLANG_WARN_DOCUMENTATION_COMMENTS = YES;
				CLANG_WARN_EMPTY_BODY = YES;
				CLANG_WARN_ENUM_CONVERSION = YES;
				CLANG_WARN_INFINITE_RECURSION = YES;
				CLANG_WARN_INT_CONVERSION = YES;
				CLANG_WARN_NON_LITERAL_NULL_CONVERSION = YES;
				CLANG_WARN_OBJC_IMPLICIT_RETAIN_SELF = YES;
				CLANG_WARN_OBJC_LITERAL_CONVERSION = YES;
				CLANG_WARN_OBJC_ROOT_CLASS = YES_ERROR;
				CLANG_WARN_RANGE_LOOP_ANALYSIS = YES;
				CLANG_WARN_STRICT_PROTOTYPES = YES;
				CLANG_WARN_SUSPICIOUS_MOVE = YES;
				CLANG_WARN_UNGUARDED_AVAILABILITY = YES_AGGRESSIVE;
				CLANG_WARN_UNREACHABLE_CODE = YES;
				CLANG_WARN__DUPLICATE_METHOD_MATCH = YES;
				CODE_SIGN_IDENTITY = "iPhone Developer";
				COPY_PHASE_STRIP = NO;
				DEBUG_INFORMATION_FORMAT = dwarf;
				ENABLE_STRICT_OBJC_MSGSEND = YES;
				ENABLE_TESTABILITY = YES;
				GCC_C_LANGUAGE_STANDARD = gnu11;
				GCC_DYNAMIC_NO_PIC = NO;
				GCC_NO_COMMON_BLOCKS = YES;
				GCC_OPTIMIZATION_LEVEL = 0;
				GCC_PREPROCESSOR_DEFINITIONS = (
					"DEBUG=1",
					"$(inherited)",
				);
				GCC_WARN_64_TO_32_BIT_CONVERSION = YES;
				GCC_WARN_ABOUT_RETURN_TYPE = YES_ERROR;
				GCC_WARN_UNDECLARED_SELECTOR = YES;
				GCC_WARN_UNINITIALIZED_AUTOS = YES_AGGRESSIVE;
				GCC_WARN_UNUSED_FUNCTION = YES;
				GCC_WARN_UNUSED_VARIABLE = YES;
				IPHONEOS_DEPLOYMENT_TARGET = 12.1;
				MTL_ENABLE_DEBUG_INFO = INCLUDE_SOURCE;
				MTL_FAST_MATH = YES;
				ONLY_ACTIVE_ARCH = YES;
				SDKROOT = iphoneos;
				SWIFT_ACTIVE_COMPILATION_CONDITIONS = DEBUG;
				SWIFT_OPTIMIZATION_LEVEL = "-Onone";
			};
			name = Debug;
		};
		0CFE20CA241A199A0004F5C3 /* Release */ = {
			isa = XCBuildConfiguration;
			buildSettings = {
				ALWAYS_SEARCH_USER_PATHS = NO;
				CLANG_ANALYZER_NONNULL = YES;
				CLANG_ANALYZER_NUMBER_OBJECT_CONVERSION = YES_AGGRESSIVE;
				CLANG_CXX_LANGUAGE_STANDARD = "gnu++14";
				CLANG_CXX_LIBRARY = "libc++";
				CLANG_ENABLE_MODULES = YES;
				CLANG_ENABLE_OBJC_ARC = YES;
				CLANG_ENABLE_OBJC_WEAK = YES;
				CLANG_WARN_BLOCK_CAPTURE_AUTORELEASING = YES;
				CLANG_WARN_BOOL_CONVERSION = YES;
				CLANG_WARN_COMMA = YES;
				CLANG_WARN_CONSTANT_CONVERSION = YES;
				CLANG_WARN_DEPRECATED_OBJC_IMPLEMENTATIONS = YES;
				CLANG_WARN_DIRECT_OBJC_ISA_USAGE = YES_ERROR;
				CLANG_WARN_DOCUMENTATION_COMMENTS = YES;
				CLANG_WARN_EMPTY_BODY = YES;
				CLANG_WARN_ENUM_CONVERSION = YES;
				CLANG_WARN_INFINITE_RECURSION = YES;
				CLANG_WARN_INT_CONVERSION = YES;
				CLANG_WARN_NON_LITERAL_NULL_CONVERSION = YES;
				CLANG_WARN_OBJC_IMPLICIT_RETAIN_SELF = YES;
				CLANG_WARN_OBJC_LITERAL_CONVERSION = YES;
				CLANG_WARN_OBJC_ROOT_CLASS = YES_ERROR;
				CLANG_WARN_RANGE_LOOP_ANALYSIS = YES;
				CLANG_WARN_STRICT_PROTOTYPES = YES;
				CLANG_WARN_SUSPICIOUS_MOVE = YES;
				CLANG_WARN_UNGUARDED_AVAILABILITY = YES_AGGRESSIVE;
				CLANG_WARN_UNREACHABLE_CODE = YES;
				CLANG_WARN__DUPLICATE_METHOD_MATCH = YES;
				CODE_SIGN_IDENTITY = "iPhone Developer";
				COPY_PHASE_STRIP = NO;
				DEBUG_INFORMATION_FORMAT = "dwarf-with-dsym";
				ENABLE_NS_ASSERTIONS = NO;
				ENABLE_STRICT_OBJC_MSGSEND = YES;
				GCC_C_LANGUAGE_STANDARD = gnu11;
				GCC_NO_COMMON_BLOCKS = YES;
				GCC_WARN_64_TO_32_BIT_CONVERSION = YES;
				GCC_WARN_ABOUT_RETURN_TYPE = YES_ERROR;
				GCC_WARN_UNDECLARED_SELECTOR = YES;
				GCC_WARN_UNINITIALIZED_AUTOS = YES_AGGRESSIVE;
				GCC_WARN_UNUSED_FUNCTION = YES;
				GCC_WARN_UNUSED_VARIABLE = YES;
				IPHONEOS_DEPLOYMENT_TARGET = 12.1;
				MTL_ENABLE_DEBUG_INFO = NO;
				MTL_FAST_MATH = YES;
				SDKROOT = iphoneos;
				SWIFT_COMPILATION_MODE = wholemodule;
				SWIFT_OPTIMIZATION_LEVEL = "-O";
				VALIDATE_PRODUCT = YES;
			};
			name = Release;
		};
		0CFE20CC241A199A0004F5C3 /* Debug */ = {
			isa = XCBuildConfiguration;
			baseConfigurationReference = 18E26B234E9F1A2E7E91F636 /* Pods-Table-Research.debug.xcconfig */;
			buildSettings = {
				ASSETCATALOG_COMPILER_APPICON_NAME = AppIcon;
				CODE_SIGN_STYLE = Automatic;
				DEVELOPMENT_TEAM = 46W25C8KDG;
				INFOPLIST_FILE = "Table-Research/Info.plist";
				LD_RUNPATH_SEARCH_PATHS = (
					"$(inherited)",
					"@executable_path/Frameworks",
				);
				PRODUCT_BUNDLE_IDENTIFIER = "com.ominext.Table-Research";
				PRODUCT_NAME = "$(TARGET_NAME)";
				SWIFT_VERSION = 4.2;
				TARGETED_DEVICE_FAMILY = "1,2";
			};
			name = Debug;
		};
		0CFE20CD241A199A0004F5C3 /* Release */ = {
			isa = XCBuildConfiguration;
			baseConfigurationReference = 16A29F70BF2ADA7CBA4F0B40 /* Pods-Table-Research.release.xcconfig */;
			buildSettings = {
				ASSETCATALOG_COMPILER_APPICON_NAME = AppIcon;
				CODE_SIGN_STYLE = Automatic;
				DEVELOPMENT_TEAM = 46W25C8KDG;
				INFOPLIST_FILE = "Table-Research/Info.plist";
				LD_RUNPATH_SEARCH_PATHS = (
					"$(inherited)",
					"@executable_path/Frameworks",
				);
				PRODUCT_BUNDLE_IDENTIFIER = "com.ominext.Table-Research";
				PRODUCT_NAME = "$(TARGET_NAME)";
				SWIFT_VERSION = 4.2;
				TARGETED_DEVICE_FAMILY = "1,2";
			};
			name = Release;
		};
		0CFE20CF241A199A0004F5C3 /* Debug */ = {
			isa = XCBuildConfiguration;
			baseConfigurationReference = 3CC8D01B22177E3AC1A764F2 /* Pods-Table-ResearchTests.debug.xcconfig */;
			buildSettings = {
				ALWAYS_EMBED_SWIFT_STANDARD_LIBRARIES = YES;
				BUNDLE_LOADER = "$(TEST_HOST)";
				CODE_SIGN_STYLE = Automatic;
				DEVELOPMENT_TEAM = 46W25C8KDG;
				INFOPLIST_FILE = "Table-ResearchTests/Info.plist";
				LD_RUNPATH_SEARCH_PATHS = (
					"$(inherited)",
					"@executable_path/Frameworks",
					"@loader_path/Frameworks",
				);
				PRODUCT_BUNDLE_IDENTIFIER = "com.ominext.Table-ResearchTests";
				PRODUCT_NAME = "$(TARGET_NAME)";
				SWIFT_VERSION = 4.2;
				TARGETED_DEVICE_FAMILY = "1,2";
				TEST_HOST = "$(BUILT_PRODUCTS_DIR)/Table-Research.app/Table-Research";
			};
			name = Debug;
		};
		0CFE20D0241A199A0004F5C3 /* Release */ = {
			isa = XCBuildConfiguration;
			baseConfigurationReference = D497AB6233B2B744BA6FFAD0 /* Pods-Table-ResearchTests.release.xcconfig */;
			buildSettings = {
				ALWAYS_EMBED_SWIFT_STANDARD_LIBRARIES = YES;
				BUNDLE_LOADER = "$(TEST_HOST)";
				CODE_SIGN_STYLE = Automatic;
				DEVELOPMENT_TEAM = 46W25C8KDG;
				INFOPLIST_FILE = "Table-ResearchTests/Info.plist";
				LD_RUNPATH_SEARCH_PATHS = (
					"$(inherited)",
					"@executable_path/Frameworks",
					"@loader_path/Frameworks",
				);
				PRODUCT_BUNDLE_IDENTIFIER = "com.ominext.Table-ResearchTests";
				PRODUCT_NAME = "$(TARGET_NAME)";
				SWIFT_VERSION = 4.2;
				TARGETED_DEVICE_FAMILY = "1,2";
				TEST_HOST = "$(BUILT_PRODUCTS_DIR)/Table-Research.app/Table-Research";
			};
			name = Release;
		};
		0CFE20D2241A199A0004F5C3 /* Debug */ = {
			isa = XCBuildConfiguration;
			baseConfigurationReference = 3814A1B90754958725D5F102 /* Pods-Table-Research-Table-ResearchUITests.debug.xcconfig */;
			buildSettings = {
				ALWAYS_EMBED_SWIFT_STANDARD_LIBRARIES = YES;
				CODE_SIGN_STYLE = Automatic;
				DEVELOPMENT_TEAM = 46W25C8KDG;
				INFOPLIST_FILE = "Table-ResearchUITests/Info.plist";
				LD_RUNPATH_SEARCH_PATHS = (
					"$(inherited)",
					"@executable_path/Frameworks",
					"@loader_path/Frameworks",
				);
				PRODUCT_BUNDLE_IDENTIFIER = "com.ominext.Table-ResearchUITests";
				PRODUCT_NAME = "$(TARGET_NAME)";
				SWIFT_VERSION = 4.2;
				TARGETED_DEVICE_FAMILY = "1,2";
				TEST_TARGET_NAME = "Table-Research";
			};
			name = Debug;
		};
		0CFE20D3241A199A0004F5C3 /* Release */ = {
			isa = XCBuildConfiguration;
			baseConfigurationReference = F79180A5BD1BF307AD5034BE /* Pods-Table-Research-Table-ResearchUITests.release.xcconfig */;
			buildSettings = {
				ALWAYS_EMBED_SWIFT_STANDARD_LIBRARIES = YES;
				CODE_SIGN_STYLE = Automatic;
				DEVELOPMENT_TEAM = 46W25C8KDG;
				INFOPLIST_FILE = "Table-ResearchUITests/Info.plist";
				LD_RUNPATH_SEARCH_PATHS = (
					"$(inherited)",
					"@executable_path/Frameworks",
					"@loader_path/Frameworks",
				);
				PRODUCT_BUNDLE_IDENTIFIER = "com.ominext.Table-ResearchUITests";
				PRODUCT_NAME = "$(TARGET_NAME)";
				SWIFT_VERSION = 4.2;
				TARGETED_DEVICE_FAMILY = "1,2";
				TEST_TARGET_NAME = "Table-Research";
			};
			name = Release;
		};
/* End XCBuildConfiguration section */

/* Begin XCConfigurationList section */
		0CFE209E241A19930004F5C3 /* Build configuration list for PBXProject "Table-Research" */ = {
			isa = XCConfigurationList;
			buildConfigurations = (
				0CFE20C9241A199A0004F5C3 /* Debug */,
				0CFE20CA241A199A0004F5C3 /* Release */,
			);
			defaultConfigurationIsVisible = 0;
			defaultConfigurationName = Release;
		};
		0CFE20CB241A199A0004F5C3 /* Build configuration list for PBXNativeTarget "Table-Research" */ = {
			isa = XCConfigurationList;
			buildConfigurations = (
				0CFE20CC241A199A0004F5C3 /* Debug */,
				0CFE20CD241A199A0004F5C3 /* Release */,
			);
			defaultConfigurationIsVisible = 0;
			defaultConfigurationName = Release;
		};
		0CFE20CE241A199A0004F5C3 /* Build configuration list for PBXNativeTarget "Table-ResearchTests" */ = {
			isa = XCConfigurationList;
			buildConfigurations = (
				0CFE20CF241A199A0004F5C3 /* Debug */,
				0CFE20D0241A199A0004F5C3 /* Release */,
			);
			defaultConfigurationIsVisible = 0;
			defaultConfigurationName = Release;
		};
		0CFE20D1241A199A0004F5C3 /* Build configuration list for PBXNativeTarget "Table-ResearchUITests" */ = {
			isa = XCConfigurationList;
			buildConfigurations = (
				0CFE20D2241A199A0004F5C3 /* Debug */,
				0CFE20D3241A199A0004F5C3 /* Release */,
			);
			defaultConfigurationIsVisible = 0;
			defaultConfigurationName = Release;
		};
/* End XCConfigurationList section */
	};
	rootObject = 0CFE209B241A19930004F5C3 /* Project object */;
}
